
Microsoft Visual Studio Solution File, Format Version 12.00
# Visual Studio 14
VisualStudioVersion = 14.0.25123.0
MinimumVisualStudioVersion = 10.0.40219.1
Project("{FAE04EC0-301F-11D3-BF4B-00C04F79EFBC}") = "Todo", "Todo\Todo.csproj", "{56A0EC48-14D7-421D-91C6-86954C717C34}"
EndProject
Project("{FAE04EC0-301F-11D3-BF4B-00C04F79EFBC}") = "Todo.Data", "Todo.Data\Todo.Data.csproj", "{420292C3-D7E8-475B-ACF2-52FE73FBD2A6}"
EndProject
Global
	GlobalSection(SolutionConfigurationPlatforms) = preSolution
		Debug|Any CPU = Debug|Any CPU
		Release|Any CPU = Release|Any CPU
	EndGlobalSection
	GlobalSection(ProjectConfigurationPlatforms) = postSolution
		{56A0EC48-14D7-421D-91C6-86954C717C34}.Debug|Any CPU.ActiveCfg = Debug|Any CPU
		{56A0EC48-14D7-421D-91C6-86954C717C34}.Debug|Any CPU.Build.0 = Debug|Any CPU
		{56A0EC48-14D7-421D-91C6-86954C717C34}.Release|Any CPU.ActiveCfg = Release|Any CPU
		{56A0EC48-14D7-421D-91C6-86954C717C34}.Release|Any CPU.Build.0 = Release|Any CPU
		{420292C3-D7E8-475B-ACF2-52FE73FBD2A6}.Debug|Any CPU.ActiveCfg = Debug|Any CPU
		{420292C3-D7E8-475B-ACF2-52FE73FBD2A6}.Debug|Any CPU.Build.0 = Debug|Any CPU
		{420292C3-D7E8-475B-ACF2-52FE73FBD2A6}.Release|Any CPU.ActiveCfg = Release|Any CPU
		{420292C3-D7E8-475B-ACF2-52FE73FBD2A6}.Release|Any CPU.Build.0 = Release|Any CPU
	EndGlobalSection
	GlobalSection(SolutionProperties) = preSolution
		HideSolutionNode = FALSE
	EndGlobalSection
EndGlobal
